// !$*UTF8*$!
{
	archiveVersion = 1;
	classes = {
	};
	objectVersion = 46;
	objects = {

/* Begin PBXBuildFile section */
		68DD84851C220FFF0050BA2C /* main.m in Sources */ = {isa = PBXBuildFile; fileRef = 68DD84841C220FFF0050BA2C /* main.m */; };
		68DD84881C220FFF0050BA2C /* AppDelegate.m in Sources */ = {isa = PBXBuildFile; fileRef = 68DD84871C220FFF0050BA2C /* AppDelegate.m */; };
		68DD848E1C220FFF0050BA2C /* Main.storyboard in Resources */ = {isa = PBXBuildFile; fileRef = 68DD848C1C220FFF0050BA2C /* Main.storyboard */; };
		68DD84901C220FFF0050BA2C /* Assets.xcassets in Resources */ = {isa = PBXBuildFile; fileRef = 68DD848F1C220FFF0050BA2C /* Assets.xcassets */; };
		68DD84931C220FFF0050BA2C /* LaunchScreen.storyboard in Resources */ = {isa = PBXBuildFile; fileRef = 68DD84911C220FFF0050BA2C /* LaunchScreen.storyboard */; };
		68DD849E1C220FFF0050BA2C /* AcronymListTests.m in Sources */ = {isa = PBXBuildFile; fileRef = 68DD849D1C220FFF0050BA2C /* AcronymListTests.m */; };
		68DD84A91C220FFF0050BA2C /* AcronymListUITests.m in Sources */ = {isa = PBXBuildFile; fileRef = 68DD84A81C220FFF0050BA2C /* AcronymListUITests.m */; };
		68DD84BF1C2214030050BA2C /* AcronymListViewController.m in Sources */ = {isa = PBXBuildFile; fileRef = 68DD84BE1C2214030050BA2C /* AcronymListViewController.m */; };
		68DD84C71C2214E20050BA2C /* AppearanceManager.m in Sources */ = {isa = PBXBuildFile; fileRef = 68DD84C61C2214E20050BA2C /* AppearanceManager.m */; };
		68DD84CA1C2214F00050BA2C /* LoggingManager.m in Sources */ = {isa = PBXBuildFile; fileRef = 68DD84C91C2214F00050BA2C /* LoggingManager.m */; };
		68DD84CD1C2215010050BA2C /* ParsingManager.m in Sources */ = {isa = PBXBuildFile; fileRef = 68DD84CC1C2215010050BA2C /* ParsingManager.m */; };
		68DD84D01C22150C0050BA2C /* NetworkManager.m in Sources */ = {isa = PBXBuildFile; fileRef = 68DD84CF1C22150C0050BA2C /* NetworkManager.m */; };
		68DD84D31C2215160050BA2C /* DataManager.m in Sources */ = {isa = PBXBuildFile; fileRef = 68DD84D21C2215160050BA2C /* DataManager.m */; };
		E62A627607693EC6B23C746F /* libPods.a in Frameworks */ = {isa = PBXBuildFile; fileRef = 5501C010132FC8250A9AA9C9 /* libPods.a */; };
/* End PBXBuildFile section */

/* Begin PBXContainerItemProxy section */
		68DD849A1C220FFF0050BA2C /* PBXContainerItemProxy */ = {
			isa = PBXContainerItemProxy;
			containerPortal = 68DD84781C220FFF0050BA2C /* Project object */;
			proxyType = 1;
			remoteGlobalIDString = 68DD847F1C220FFF0050BA2C;
			remoteInfo = AcronymList;
		};
		68DD84A51C220FFF0050BA2C /* PBXContainerItemProxy */ = {
			isa = PBXContainerItemProxy;
			containerPortal = 68DD84781C220FFF0050BA2C /* Project object */;
			proxyType = 1;
			remoteGlobalIDString = 68DD847F1C220FFF0050BA2C;
			remoteInfo = AcronymList;
		};
/* End PBXContainerItemProxy section */

/* Begin PBXFileReference section */
		50B3548C69A7C074FCA7B8AF /* Pods.release.xcconfig */ = {isa = PBXFileReference; includeInIndex = 1; lastKnownFileType = text.xcconfig; name = Pods.release.xcconfig; path = "Pods/Target Support Files/Pods/Pods.release.xcconfig"; sourceTree = "<group>"; };
		5501C010132FC8250A9AA9C9 /* libPods.a */ = {isa = PBXFileReference; explicitFileType = archive.ar; includeInIndex = 0; path = libPods.a; sourceTree = BUILT_PRODUCTS_DIR; };
		68DD84801C220FFF0050BA2C /* AcronymList.app */ = {isa = PBXFileReference; explicitFileType = wrapper.application; includeInIndex = 0; path = AcronymList.app; sourceTree = BUILT_PRODUCTS_DIR; };
		68DD84841C220FFF0050BA2C /* main.m */ = {isa = PBXFileReference; lastKnownFileType = sourcecode.c.objc; path = main.m; sourceTree = "<group>"; };
		68DD84861C220FFF0050BA2C /* AppDelegate.h */ = {isa = PBXFileReference; lastKnownFileType = sourcecode.c.h; path = AppDelegate.h; sourceTree = "<group>"; };
		68DD84871C220FFF0050BA2C /* AppDelegate.m */ = {isa = PBXFileReference; lastKnownFileType = sourcecode.c.objc; path = AppDelegate.m; sourceTree = "<group>"; };
		68DD848D1C220FFF0050BA2C /* Base */ = {isa = PBXFileReference; lastKnownFileType = file.storyboard; name = Base; path = Base.lproj/Main.storyboard; sourceTree = "<group>"; };
		68DD848F1C220FFF0050BA2C /* Assets.xcassets */ = {isa = PBXFileReference; lastKnownFileType = folder.assetcatalog; path = Assets.xcassets; sourceTree = "<group>"; };
		68DD84921C220FFF0050BA2C /* Base */ = {isa = PBXFileReference; lastKnownFileType = file.storyboard; name = Base; path = Base.lproj/LaunchScreen.storyboard; sourceTree = "<group>"; };
		68DD84941C220FFF0050BA2C /* Info.plist */ = {isa = PBXFileReference; lastKnownFileType = text.plist.xml; path = Info.plist; sourceTree = "<group>"; };
		68DD84991C220FFF0050BA2C /* AcronymListTests.xctest */ = {isa = PBXFileReference; explicitFileType = wrapper.cfbundle; includeInIndex = 0; path = AcronymListTests.xctest; sourceTree = BUILT_PRODUCTS_DIR; };
		68DD849D1C220FFF0050BA2C /* AcronymListTests.m */ = {isa = PBXFileReference; lastKnownFileType = sourcecode.c.objc; path = AcronymListTests.m; sourceTree = "<group>"; };
		68DD849F1C220FFF0050BA2C /* Info.plist */ = {isa = PBXFileReference; lastKnownFileType = text.plist.xml; path = Info.plist; sourceTree = "<group>"; };
		68DD84A41C220FFF0050BA2C /* AcronymListUITests.xctest */ = {isa = PBXFileReference; explicitFileType = wrapper.cfbundle; includeInIndex = 0; path = AcronymListUITests.xctest; sourceTree = BUILT_PRODUCTS_DIR; };
		68DD84A81C220FFF0050BA2C /* AcronymListUITests.m */ = {isa = PBXFileReference; lastKnownFileType = sourcecode.c.objc; path = AcronymListUITests.m; sourceTree = "<group>"; };
		68DD84AA1C220FFF0050BA2C /* Info.plist */ = {isa = PBXFileReference; lastKnownFileType = text.plist.xml; path = Info.plist; sourceTree = "<group>"; };
		68DD84BD1C2214030050BA2C /* AcronymListViewController.h */ = {isa = PBXFileReference; fileEncoding = 4; lastKnownFileType = sourcecode.c.h; path = AcronymListViewController.h; sourceTree = "<group>"; };
		68DD84BE1C2214030050BA2C /* AcronymListViewController.m */ = {isa = PBXFileReference; fileEncoding = 4; lastKnownFileType = sourcecode.c.objc; path = AcronymListViewController.m; sourceTree = "<group>"; };
		68DD84C51C2214E20050BA2C /* AppearanceManager.h */ = {isa = PBXFileReference; fileEncoding = 4; lastKnownFileType = sourcecode.c.h; path = AppearanceManager.h; sourceTree = "<group>"; };
		68DD84C61C2214E20050BA2C /* AppearanceManager.m */ = {isa = PBXFileReference; fileEncoding = 4; lastKnownFileType = sourcecode.c.objc; path = AppearanceManager.m; sourceTree = "<group>"; };
		68DD84C81C2214F00050BA2C /* LoggingManager.h */ = {isa = PBXFileReference; fileEncoding = 4; lastKnownFileType = sourcecode.c.h; path = LoggingManager.h; sourceTree = "<group>"; };
		68DD84C91C2214F00050BA2C /* LoggingManager.m */ = {isa = PBXFileReference; fileEncoding = 4; lastKnownFileType = sourcecode.c.objc; path = LoggingManager.m; sourceTree = "<group>"; };
		68DD84CB1C2215010050BA2C /* ParsingManager.h */ = {isa = PBXFileReference; fileEncoding = 4; lastKnownFileType = sourcecode.c.h; path = ParsingManager.h; sourceTree = "<group>"; };
		68DD84CC1C2215010050BA2C /* ParsingManager.m */ = {isa = PBXFileReference; fileEncoding = 4; lastKnownFileType = sourcecode.c.objc; path = ParsingManager.m; sourceTree = "<group>"; };
		68DD84CE1C22150C0050BA2C /* NetworkManager.h */ = {isa = PBXFileReference; fileEncoding = 4; lastKnownFileType = sourcecode.c.h; path = NetworkManager.h; sourceTree = "<group>"; };
		68DD84CF1C22150C0050BA2C /* NetworkManager.m */ = {isa = PBXFileReference; fileEncoding = 4; lastKnownFileType = sourcecode.c.objc; path = NetworkManager.m; sourceTree = "<group>"; };
		68DD84D11C2215160050BA2C /* DataManager.h */ = {isa = PBXFileReference; fileEncoding = 4; lastKnownFileType = sourcecode.c.h; path = DataManager.h; sourceTree = "<group>"; };
		68DD84D21C2215160050BA2C /* DataManager.m */ = {isa = PBXFileReference; fileEncoding = 4; lastKnownFileType = sourcecode.c.objc; path = DataManager.m; sourceTree = "<group>"; };
		CC22DEC8F0CB0A2FD0FAE132 /* Pods.debug.xcconfig */ = {isa = PBXFileReference; includeInIndex = 1; lastKnownFileType = text.xcconfig; name = Pods.debug.xcconfig; path = "Pods/Target Support Files/Pods/Pods.debug.xcconfig"; sourceTree = "<group>"; };
/* End PBXFileReference section */

/* Begin PBXFrameworksBuildPhase section */
		68DD847D1C220FFF0050BA2C /* Frameworks */ = {
			isa = PBXFrameworksBuildPhase;
			buildActionMask = 2147483647;
			files = (
				E62A627607693EC6B23C746F /* libPods.a in Frameworks */,
			);
			runOnlyForDeploymentPostprocessing = 0;
		};
		68DD84961C220FFF0050BA2C /* Frameworks */ = {
			isa = PBXFrameworksBuildPhase;
			buildActionMask = 2147483647;
			files = (
			);
			runOnlyForDeploymentPostprocessing = 0;
		};
		68DD84A11C220FFF0050BA2C /* Frameworks */ = {
			isa = PBXFrameworksBuildPhase;
			buildActionMask = 2147483647;
			files = (
			);
			runOnlyForDeploymentPostprocessing = 0;
		};
/* End PBXFrameworksBuildPhase section */

/* Begin PBXGroup section */
		07349C59FEE7805B488A4671 /* Frameworks */ = {
			isa = PBXGroup;
			children = (
				5501C010132FC8250A9AA9C9 /* libPods.a */,
			);
			name = Frameworks;
			sourceTree = "<group>";
		};
		0ED35162B8E8012DC04C04D5 /* Pods */ = {
			isa = PBXGroup;
			children = (
				CC22DEC8F0CB0A2FD0FAE132 /* Pods.debug.xcconfig */,
				50B3548C69A7C074FCA7B8AF /* Pods.release.xcconfig */,
			);
			name = Pods;
			sourceTree = "<group>";
		};
		68DD84771C220FFF0050BA2C = {
			isa = PBXGroup;
			children = (
				68DD84821C220FFF0050BA2C /* AcronymList */,
				68DD849C1C220FFF0050BA2C /* AcronymListTests */,
				68DD84A71C220FFF0050BA2C /* AcronymListUITests */,
				68DD84811C220FFF0050BA2C /* Products */,
				0ED35162B8E8012DC04C04D5 /* Pods */,
				07349C59FEE7805B488A4671 /* Frameworks */,
			);
			sourceTree = "<group>";
		};
		68DD84811C220FFF0050BA2C /* Products */ = {
			isa = PBXGroup;
			children = (
				68DD84801C220FFF0050BA2C /* AcronymList.app */,
				68DD84991C220FFF0050BA2C /* AcronymListTests.xctest */,
				68DD84A41C220FFF0050BA2C /* AcronymListUITests.xctest */,
			);
			name = Products;
			sourceTree = "<group>";
		};
		68DD84821C220FFF0050BA2C /* AcronymList */ = {
			isa = PBXGroup;
			children = (
				68DD84861C220FFF0050BA2C /* AppDelegate.h */,
				68DD84871C220FFF0050BA2C /* AppDelegate.m */,
				68DD848C1C220FFF0050BA2C /* Main.storyboard */,
				68DD84BA1C2213C30050BA2C /* Models */,
				68DD84B61C2213C30050BA2C /* ViewControllers */,
				68DD84B91C2213C30050BA2C /* Managers */,
				68DD84831C220FFF0050BA2C /* Supporting Files */,
			);
			path = AcronymList;
			sourceTree = "<group>";
		};
		68DD84831C220FFF0050BA2C /* Supporting Files */ = {
			isa = PBXGroup;
			children = (
				68DD848F1C220FFF0050BA2C /* Assets.xcassets */,
				68DD84911C220FFF0050BA2C /* LaunchScreen.storyboard */,
				68DD84941C220FFF0050BA2C /* Info.plist */,
				68DD84841C220FFF0050BA2C /* main.m */,
			);
			name = "Supporting Files";
			sourceTree = "<group>";
		};
		68DD849C1C220FFF0050BA2C /* AcronymListTests */ = {
			isa = PBXGroup;
			children = (
				68DD849D1C220FFF0050BA2C /* AcronymListTests.m */,
				68DD849F1C220FFF0050BA2C /* Info.plist */,
			);
			path = AcronymListTests;
			sourceTree = "<group>";
		};
		68DD84A71C220FFF0050BA2C /* AcronymListUITests */ = {
			isa = PBXGroup;
			children = (
				68DD84A81C220FFF0050BA2C /* AcronymListUITests.m */,
				68DD84AA1C220FFF0050BA2C /* Info.plist */,
			);
			path = AcronymListUITests;
			sourceTree = "<group>";
		};
		68DD84B61C2213C30050BA2C /* ViewControllers */ = {
			isa = PBXGroup;
			children = (
				68DD84BC1C2214030050BA2C /* AcronymListViewController */,
			);
			path = ViewControllers;
			sourceTree = "<group>";
		};
		68DD84B91C2213C30050BA2C /* Managers */ = {
			isa = PBXGroup;
			children = (
				68DD84C01C2214C80050BA2C /* AppearanceManager */,
				68DD84C11C2214C80050BA2C /* LoggingManager */,
				68DD84C21C2214C80050BA2C /* ParsingManager */,
				68DD84C31C2214C80050BA2C /* NetworkManager */,
				68DD84C41C2214C80050BA2C /* DataManager */,
			);
			path = Managers;
			sourceTree = "<group>";
		};
		68DD84BA1C2213C30050BA2C /* Models */ = {
			isa = PBXGroup;
			children = (
			);
			path = Models;
			sourceTree = "<group>";
		};
		68DD84BC1C2214030050BA2C /* AcronymListViewController */ = {
			isa = PBXGroup;
			children = (
				68DD84BD1C2214030050BA2C /* AcronymListViewController.h */,
				68DD84BE1C2214030050BA2C /* AcronymListViewController.m */,
			);
			path = AcronymListViewController;
			sourceTree = "<group>";
		};
		68DD84C01C2214C80050BA2C /* AppearanceManager */ = {
			isa = PBXGroup;
			children = (
				68DD84C51C2214E20050BA2C /* AppearanceManager.h */,
				68DD84C61C2214E20050BA2C /* AppearanceManager.m */,
			);
			path = AppearanceManager;
			sourceTree = "<group>";
		};
		68DD84C11C2214C80050BA2C /* LoggingManager */ = {
			isa = PBXGroup;
			children = (
				68DD84C81C2214F00050BA2C /* LoggingManager.h */,
				68DD84C91C2214F00050BA2C /* LoggingManager.m */,
			);
			path = LoggingManager;
			sourceTree = "<group>";
		};
		68DD84C21C2214C80050BA2C /* ParsingManager */ = {
			isa = PBXGroup;
			children = (
				68DD84CB1C2215010050BA2C /* ParsingManager.h */,
				68DD84CC1C2215010050BA2C /* ParsingManager.m */,
			);
			path = ParsingManager;
			sourceTree = "<group>";
		};
		68DD84C31C2214C80050BA2C /* NetworkManager */ = {
			isa = PBXGroup;
			children = (
				68DD84CE1C22150C0050BA2C /* NetworkManager.h */,
				68DD84CF1C22150C0050BA2C /* NetworkManager.m */,
			);
			path = NetworkManager;
			sourceTree = "<group>";
		};
		68DD84C41C2214C80050BA2C /* DataManager */ = {
			isa = PBXGroup;
			children = (
				68DD84D11C2215160050BA2C /* DataManager.h */,
				68DD84D21C2215160050BA2C /* DataManager.m */,
			);
			path = DataManager;
			sourceTree = "<group>";
		};
/* End PBXGroup section */

/* Begin PBXNativeTarget section */
		68DD847F1C220FFF0050BA2C /* AcronymList */ = {
			isa = PBXNativeTarget;
			buildConfigurationList = 68DD84AD1C220FFF0050BA2C /* Build configuration list for PBXNativeTarget "AcronymList" */;
			buildPhases = (
				A69F21DBA7BEE788449F1EB5 /* Check Pods Manifest.lock */,
				68DD847C1C220FFF0050BA2C /* Sources */,
				68DD847D1C220FFF0050BA2C /* Frameworks */,
				68DD847E1C220FFF0050BA2C /* Resources */,
				43B886B9CD8DF301D034168A /* Embed Pods Frameworks */,
				84CB26E5C3A7B49E11CC272B /* Copy Pods Resources */,
			);
			buildRules = (
			);
			dependencies = (
			);
			name = AcronymList;
			productName = AcronymList;
			productReference = 68DD84801C220FFF0050BA2C /* AcronymList.app */;
			productType = "com.apple.product-type.application";
		};
		68DD84981C220FFF0050BA2C /* AcronymListTests */ = {
			isa = PBXNativeTarget;
			buildConfigurationList = 68DD84B01C220FFF0050BA2C /* Build configuration list for PBXNativeTarget "AcronymListTests" */;
			buildPhases = (
				68DD84951C220FFF0050BA2C /* Sources */,
				68DD84961C220FFF0050BA2C /* Frameworks */,
				68DD84971C220FFF0050BA2C /* Resources */,
			);
			buildRules = (
			);
			dependencies = (
				68DD849B1C220FFF0050BA2C /* PBXTargetDependency */,
			);
			name = AcronymListTests;
			productName = AcronymListTests;
			productReference = 68DD84991C220FFF0050BA2C /* AcronymListTests.xctest */;
			productType = "com.apple.product-type.bundle.unit-test";
		};
		68DD84A31C220FFF0050BA2C /* AcronymListUITests */ = {
			isa = PBXNativeTarget;
			buildConfigurationList = 68DD84B31C220FFF0050BA2C /* Build configuration list for PBXNativeTarget "AcronymListUITests" */;
			buildPhases = (
				68DD84A01C220FFF0050BA2C /* Sources */,
				68DD84A11C220FFF0050BA2C /* Frameworks */,
				68DD84A21C220FFF0050BA2C /* Resources */,
			);
			buildRules = (
			);
			dependencies = (
				68DD84A61C220FFF0050BA2C /* PBXTargetDependency */,
			);
			name = AcronymListUITests;
			productName = AcronymListUITests;
			productReference = 68DD84A41C220FFF0050BA2C /* AcronymListUITests.xctest */;
			productType = "com.apple.product-type.bundle.ui-testing";
		};
/* End PBXNativeTarget section */

/* Begin PBXProject section */
		68DD84781C220FFF0050BA2C /* Project object */ = {
			isa = PBXProject;
			attributes = {
				LastUpgradeCheck = 0720;
				ORGANIZATIONNAME = KaterynaSytnyk;
				TargetAttributes = {
					68DD847F1C220FFF0050BA2C = {
						CreatedOnToolsVersion = 7.2;
					};
					68DD84981C220FFF0050BA2C = {
						CreatedOnToolsVersion = 7.2;
						TestTargetID = 68DD847F1C220FFF0050BA2C;
					};
					68DD84A31C220FFF0050BA2C = {
						CreatedOnToolsVersion = 7.2;
						TestTargetID = 68DD847F1C220FFF0050BA2C;
					};
				};
			};
			buildConfigurationList = 68DD847B1C220FFF0050BA2C /* Build configuration list for PBXProject "AcronymList" */;
			compatibilityVersion = "Xcode 3.2";
			developmentRegion = English;
			hasScannedForEncodings = 0;
			knownRegions = (
				en,
				Base,
			);
			mainGroup = 68DD84771C220FFF0050BA2C;
			productRefGroup = 68DD84811C220FFF0050BA2C /* Products */;
			projectDirPath = "";
			projectRoot = "";
			targets = (
				68DD847F1C220FFF0050BA2C /* AcronymList */,
				68DD84981C220FFF0050BA2C /* AcronymListTests */,
				68DD84A31C220FFF0050BA2C /* AcronymListUITests */,
			);
		};
/* End PBXProject section */

/* Begin PBXResourcesBuildPhase section */
		68DD847E1C220FFF0050BA2C /* Resources */ = {
			isa = PBXResourcesBuildPhase;
			buildActionMask = 2147483647;
			files = (
				68DD84931C220FFF0050BA2C /* LaunchScreen.storyboard in Resources */,
				68DD84901C220FFF0050BA2C /* Assets.xcassets in Resources */,
				68DD848E1C220FFF0050BA2C /* Main.storyboard in Resources */,
			);
			runOnlyForDeploymentPostprocessing = 0;
		};
		68DD84971C220FFF0050BA2C /* Resources */ = {
			isa = PBXResourcesBuildPhase;
			buildActionMask = 2147483647;
			files = (
			);
			runOnlyForDeploymentPostprocessing = 0;
		};
		68DD84A21C220FFF0050BA2C /* Resources */ = {
			isa = PBXResourcesBuildPhase;
			buildActionMask = 2147483647;
			files = (
			);
			runOnlyForDeploymentPostprocessing = 0;
		};
/* End PBXResourcesBuildPhase section */

/* Begin PBXShellScriptBuildPhase section */
		43B886B9CD8DF301D034168A /* Embed Pods Frameworks */ = {
			isa = PBXShellScriptBuildPhase;
			buildActionMask = 2147483647;
			files = (
			);
			inputPaths = (
			);
			name = "Embed Pods Frameworks";
			outputPaths = (
			);
			runOnlyForDeploymentPostprocessing = 0;
			shellPath = /bin/sh;
			shellScript = "\"${SRCROOT}/Pods/Target Support Files/Pods/Pods-frameworks.sh\"\n";
			showEnvVarsInLog = 0;
		};
		84CB26E5C3A7B49E11CC272B /* Copy Pods Resources */ = {
			isa = PBXShellScriptBuildPhase;
			buildActionMask = 2147483647;
			files = (
			);
			inputPaths = (
			);
			name = "Copy Pods Resources";
			outputPaths = (
			);
			runOnlyForDeploymentPostprocessing = 0;
			shellPath = /bin/sh;
			shellScript = "\"${SRCROOT}/Pods/Target Support Files/Pods/Pods-resources.sh\"\n";
			showEnvVarsInLog = 0;
		};
		A69F21DBA7BEE788449F1EB5 /* Check Pods Manifest.lock */ = {
			isa = PBXShellScriptBuildPhase;
			buildActionMask = 2147483647;
			files = (
			);
			inputPaths = (
			);
			name = "Check Pods Manifest.lock";
			outputPaths = (
			);
			runOnlyForDeploymentPostprocessing = 0;
			shellPath = /bin/sh;
			shellScript = "diff \"${PODS_ROOT}/../Podfile.lock\" \"${PODS_ROOT}/Manifest.lock\" > /dev/null\nif [[ $? != 0 ]] ; then\n    cat << EOM\nerror: The sandbox is not in sync with the Podfile.lock. Run 'pod install' or update your CocoaPods installation.\nEOM\n    exit 1\nfi\n";
			showEnvVarsInLog = 0;
		};
/* End PBXShellScriptBuildPhase section */

/* Begin PBXSourcesBuildPhase section */
		68DD847C1C220FFF0050BA2C /* Sources */ = {
			isa = PBXSourcesBuildPhase;
			buildActionMask = 2147483647;
			files = (
				68DD84BF1C2214030050BA2C /* AcronymListViewController.m in Sources */,
				68DD84D01C22150C0050BA2C /* NetworkManager.m in Sources */,
				68DD84C71C2214E20050BA2C /* AppearanceManager.m in Sources */,
				68DD84CA1C2214F00050BA2C /* LoggingManager.m in Sources */,
				68DD84881C220FFF0050BA2C /* AppDelegate.m in Sources */,
				68DD84D31C2215160050BA2C /* DataManager.m in Sources */,
				68DD84CD1C2215010050BA2C /* ParsingManager.m in Sources */,
				68DD84851C220FFF0050BA2C /* main.m in Sources */,
			);
			runOnlyForDeploymentPostprocessing = 0;
		};
		68DD84951C220FFF0050BA2C /* Sources */ = {
			isa = PBXSourcesBuildPhase;
			buildActionMask = 2147483647;
			files = (
				68DD849E1C220FFF0050BA2C /* AcronymListTests.m in Sources */,
			);
			runOnlyForDeploymentPostprocessing = 0;
		};
		68DD84A01C220FFF0050BA2C /* Sources */ = {
			isa = PBXSourcesBuildPhase;
			buildActionMask = 2147483647;
			files = (
				68DD84A91C220FFF0050BA2C /* AcronymListUITests.m in Sources */,
			);
			runOnlyForDeploymentPostprocessing = 0;
		};
/* End PBXSourcesBuildPhase section */

/* Begin PBXTargetDependency section */
		68DD849B1C220FFF0050BA2C /* PBXTargetDependency */ = {
			isa = PBXTargetDependency;
			target = 68DD847F1C220FFF0050BA2C /* AcronymList */;
			targetProxy = 68DD849A1C220FFF0050BA2C /* PBXContainerItemProxy */;
		};
		68DD84A61C220FFF0050BA2C /* PBXTargetDependency */ = {
			isa = PBXTargetDependency;
			target = 68DD847F1C220FFF0050BA2C /* AcronymList */;
			targetProxy = 68DD84A51C220FFF0050BA2C /* PBXContainerItemProxy */;
		};
/* End PBXTargetDependency section */

/* Begin PBXVariantGroup section */
		68DD848C1C220FFF0050BA2C /* Main.storyboard */ = {
			isa = PBXVariantGroup;
			children = (
				68DD848D1C220FFF0050BA2C /* Base */,
			);
			name = Main.storyboard;
			sourceTree = "<group>";
		};
		68DD84911C220FFF0050BA2C /* LaunchScreen.storyboard */ = {
			isa = PBXVariantGroup;
			children = (
				68DD84921C220FFF0050BA2C /* Base */,
			);
			name = LaunchScreen.storyboard;
			sourceTree = "<group>";
		};
/* End PBXVariantGroup section */

/* Begin XCBuildConfiguration section */
		68DD84AB1C220FFF0050BA2C /* Debug */ = {
			isa = XCBuildConfiguration;
			buildSettings = {
				ALWAYS_SEARCH_USER_PATHS = NO;
				CLANG_CXX_LANGUAGE_STANDARD = "gnu++0x";
				CLANG_CXX_LIBRARY = "libc++";
				CLANG_ENABLE_MODULES = YES;
				CLANG_ENABLE_OBJC_ARC = YES;
				CLANG_WARN_BOOL_CONVERSION = YES;
				CLANG_WARN_CONSTANT_CONVERSION = YES;
				CLANG_WARN_DIRECT_OBJC_ISA_USAGE = YES_ERROR;
				CLANG_WARN_EMPTY_BODY = YES;
				CLANG_WARN_ENUM_CONVERSION = YES;
				CLANG_WARN_INT_CONVERSION = YES;
				CLANG_WARN_OBJC_ROOT_CLASS = YES_ERROR;
				CLANG_WARN_UNREACHABLE_CODE = YES;
				CLANG_WARN__DUPLICATE_METHOD_MATCH = YES;
				"CODE_SIGN_IDENTITY[sdk=iphoneos*]" = "iPhone Developer";
				COPY_PHASE_STRIP = NO;
				DEBUG_INFORMATION_FORMAT = dwarf;
				ENABLE_STRICT_OBJC_MSGSEND = YES;
				ENABLE_TESTABILITY = YES;
				GCC_C_LANGUAGE_STANDARD = gnu99;
				GCC_DYNAMIC_NO_PIC = NO;
				GCC_NO_COMMON_BLOCKS = YES;
				GCC_OPTIMIZATION_LEVEL = 0;
				GCC_PREPROCESSOR_DEFINITIONS = (
					"DEBUG=1",
					"$(inherited)",
				);
				GCC_WARN_64_TO_32_BIT_CONVERSION = YES;
				GCC_WARN_ABOUT_RETURN_TYPE = YES_ERROR;
				GCC_WARN_UNDECLARED_SELECTOR = YES;
				GCC_WARN_UNINITIALIZED_AUTOS = YES_AGGRESSIVE;
				GCC_WARN_UNUSED_FUNCTION = YES;
				GCC_WARN_UNUSED_VARIABLE = YES;
				IPHONEOS_DEPLOYMENT_TARGET = 9.2;
				MTL_ENABLE_DEBUG_INFO = YES;
				ONLY_ACTIVE_ARCH = YES;
				SDKROOT = iphoneos;
			};
			name = Debug;
		};
		68DD84AC1C220FFF0050BA2C /* Release */ = {
			isa = XCBuildConfiguration;
			buildSettings = {
				ALWAYS_SEARCH_USER_PATHS = NO;
				CLANG_CXX_LANGUAGE_STANDARD = "gnu++0x";
				CLANG_CXX_LIBRARY = "libc++";
				CLANG_ENABLE_MODULES = YES;
				CLANG_ENABLE_OBJC_ARC = YES;
				CLANG_WARN_BOOL_CONVERSION = YES;
				CLANG_WARN_CONSTANT_CONVERSION = YES;
				CLANG_WARN_DIRECT_OBJC_ISA_USAGE = YES_ERROR;
				CLANG_WARN_EMPTY_BODY = YES;
				CLANG_WARN_ENUM_CONVERSION = YES;
				CLANG_WARN_INT_CONVERSION = YES;
				CLANG_WARN_OBJC_ROOT_CLASS = YES_ERROR;
				CLANG_WARN_UNREACHABLE_CODE = YES;
				CLANG_WARN__DUPLICATE_METHOD_MATCH = YES;
				"CODE_SIGN_IDENTITY[sdk=iphoneos*]" = "iPhone Developer";
				COPY_PHASE_STRIP = NO;
				DEBUG_INFORMATION_FORMAT = "dwarf-with-dsym";
				ENABLE_NS_ASSERTIONS = NO;
				ENABLE_STRICT_OBJC_MSGSEND = YES;
				GCC_C_LANGUAGE_STANDARD = gnu99;
				GCC_NO_COMMON_BLOCKS = YES;
				GCC_WARN_64_TO_32_BIT_CONVERSION = YES;
				GCC_WARN_ABOUT_RETURN_TYPE = YES_ERROR;
				GCC_WARN_UNDECLARED_SELECTOR = YES;
				GCC_WARN_UNINITIALIZED_AUTOS = YES_AGGRESSIVE;
				GCC_WARN_UNUSED_FUNCTION = YES;
				GCC_WARN_UNUSED_VARIABLE = YES;
				IPHONEOS_DEPLOYMENT_TARGET = 9.2;
				MTL_ENABLE_DEBUG_INFO = NO;
				SDKROOT = iphoneos;
				VALIDATE_PRODUCT = YES;
			};
			name = Release;
		};
		68DD84AE1C220FFF0050BA2C /* Debug */ = {
			isa = XCBuildConfiguration;
			baseConfigurationReference = CC22DEC8F0CB0A2FD0FAE132 /* Pods.debug.xcconfig */;
			buildSettings = {
				ASSETCATALOG_COMPILER_APPICON_NAME = AppIcon;
				INFOPLIST_FILE = AcronymList/Info.plist;
				LD_RUNPATH_SEARCH_PATHS = "$(inherited) @executable_path/Frameworks";
				PRODUCT_BUNDLE_IDENTIFIER = KaterynaSytnyk.AcronymList;
				PRODUCT_NAME = "$(TARGET_NAME)";
			};
			name = Debug;
		};
		68DD84AF1C220FFF0050BA2C /* Release */ = {
			isa = XCBuildConfiguration;
			baseConfigurationReference = 50B3548C69A7C074FCA7B8AF /* Pods.release.xcconfig */;
			buildSettings = {
				ASSETCATALOG_COMPILER_APPICON_NAME = AppIcon;
				INFOPLIST_FILE = AcronymList/Info.plist;
				LD_RUNPATH_SEARCH_PATHS = "$(inherited) @executable_path/Frameworks";
				PRODUCT_BUNDLE_IDENTIFIER = KaterynaSytnyk.AcronymList;
				PRODUCT_NAME = "$(TARGET_NAME)";
			};
			name = Release;
		};
		68DD84B11C220FFF0050BA2C /* Debug */ = {
			isa = XCBuildConfiguration;
			buildSettings = {
				BUNDLE_LOADER = "$(TEST_HOST)";
				INFOPLIST_FILE = AcronymListTests/Info.plist;
				LD_RUNPATH_SEARCH_PATHS = "$(inherited) @executable_path/Frameworks @loader_path/Frameworks";
				PRODUCT_BUNDLE_IDENTIFIER = KaterynaSytnyk.AcronymListTests;
				PRODUCT_NAME = "$(TARGET_NAME)";
				TEST_HOST = "$(BUILT_PRODUCTS_DIR)/AcronymList.app/AcronymList";
			};
			name = Debug;
		};
		68DD84B21C220FFF0050BA2C /* Release */ = {
			isa = XCBuildConfiguration;
			buildSettings = {
				BUNDLE_LOADER = "$(TEST_HOST)";
				INFOPLIST_FILE = AcronymListTests/Info.plist;
				LD_RUNPATH_SEARCH_PATHS = "$(inherited) @executable_path/Frameworks @loader_path/Frameworks";
				PRODUCT_BUNDLE_IDENTIFIER = KaterynaSytnyk.AcronymListTests;
				PRODUCT_NAME = "$(TARGET_NAME)";
				TEST_HOST = "$(BUILT_PRODUCTS_DIR)/AcronymList.app/AcronymList";
			};
			name = Release;
		};
		68DD84B41C220FFF0050BA2C /* Debug */ = {
			isa = XCBuildConfiguration;
			buildSettings = {
				INFOPLIST_FILE = AcronymListUITests/Info.plist;
				LD_RUNPATH_SEARCH_PATHS = "$(inherited) @executable_path/Frameworks @loader_path/Frameworks";
				PRODUCT_BUNDLE_IDENTIFIER = KaterynaSytnyk.AcronymListUITests;
				PRODUCT_NAME = "$(TARGET_NAME)";
				TEST_TARGET_NAME = AcronymList;
				USES_XCTRUNNER = YES;
			};
			name = Debug;
		};
		68DD84B51C220FFF0050BA2C /* Release */ = {
			isa = XCBuildConfiguration;
			buildSettings = {
				INFOPLIST_FILE = AcronymListUITests/Info.plist;
				LD_RUNPATH_SEARCH_PATHS = "$(inherited) @executable_path/Frameworks @loader_path/Frameworks";
				PRODUCT_BUNDLE_IDENTIFIER = KaterynaSytnyk.AcronymListUITests;
				PRODUCT_NAME = "$(TARGET_NAME)";
				TEST_TARGET_NAME = AcronymList;
				USES_XCTRUNNER = YES;
			};
			name = Release;
		};
/* End XCBuildConfiguration section */

/* Begin XCConfigurationList section */
		68DD847B1C220FFF0050BA2C /* Build configuration list for PBXProject "AcronymList" */ = {
			isa = XCConfigurationList;
			buildConfigurations = (
				68DD84AB1C220FFF0050BA2C /* Debug */,
				68DD84AC1C220FFF0050BA2C /* Release */,
			);
			defaultConfigurationIsVisible = 0;
			defaultConfigurationName = Release;
		};
		68DD84AD1C220FFF0050BA2C /* Build configuration list for PBXNativeTarget "AcronymList" */ = {
			isa = XCConfigurationList;
			buildConfigurations = (
				68DD84AE1C220FFF0050BA2C /* Debug */,
				68DD84AF1C220FFF0050BA2C /* Release */,
			);
			defaultConfigurationIsVisible = 0;
			defaultConfigurationName = Release;
		};
		68DD84B01C220FFF0050BA2C /* Build configuration list for PBXNativeTarget "AcronymListTests" */ = {
			isa = XCConfigurationList;
			buildConfigurations = (
				68DD84B11C220FFF0050BA2C /* Debug */,
				68DD84B21C220FFF0050BA2C /* Release */,
			);
			defaultConfigurationIsVisible = 0;
			defaultConfigurationName = Release;
		};
		68DD84B31C220FFF0050BA2C /* Build configuration list for PBXNativeTarget "AcronymListUITests" */ = {
			isa = XCConfigurationList;
			buildConfigurations = (
				68DD84B41C220FFF0050BA2C /* Debug */,
				68DD84B51C220FFF0050BA2C /* Release */,
			);
			defaultConfigurationIsVisible = 0;
			defaultConfigurationName = Release;
		};
/* End XCConfigurationList section */
	};
	rootObject = 68DD84781C220FFF0050BA2C /* Project object */;
}
